Microsoft Visual Studio Solution File, Format Version 12.00
# Visual Studio 15
VisualStudioVersion = 15.0.26730.16
MinimumVisualStudioVersion = 15.0.26124.0
Project("{9A19103F-16F7-4668-BE54-9A1E7A4F7556}") = "PactTest.Lists", "PactTest.Lists\PactTest.Lists.csproj", "{5F02779C-108F-48F4-A703-08D32B10A410}"
EndProject
Project("{FAE04EC0-301F-11D3-BF4B-00C04F79EFBC}") = "PactTest.Lists.Tests", "PactTest.Lists.Tests\PactTest.Lists.Tests.csproj", "{066C78F1-9097-4F45-9756-81806649AF90}"
EndProject
Global
	GlobalSection(SolutionConfigurationPlatforms) = preSolution
		Debug|Any CPU = Debug|Any CPU
		Debug|x64 = Debug|x64
		Debug|x86 = Debug|x86
		Release|Any CPU = Release|Any CPU
		Release|x64 = Release|x64
		Release|x86 = Release|x86
	EndGlobalSection
	GlobalSection(ProjectConfigurationPlatforms) = postSolution
		{5F02779C-108F-48F4-A703-08D32B10A410}.Debug|Any CPU.ActiveCfg = Debug|Any CPU
		{5F02779C-108F-48F4-A703-08D32B10A410}.Debug|Any CPU.Build.0 = Debug|Any CPU
		{5F02779C-108F-48F4-A703-08D32B10A410}.Debug|x64.ActiveCfg = Debug|Any CPU
		{5F02779C-108F-48F4-A703-08D32B10A410}.Debug|x64.Build.0 = Debug|Any CPU
		{5F02779C-108F-48F4-A703-08D32B10A410}.Debug|x86.ActiveCfg = Debug|Any CPU
		{5F02779C-108F-48F4-A703-08D32B10A410}.Debug|x86.Build.0 = Debug|Any CPU
		{5F02779C-108F-48F4-A703-08D32B10A410}.Release|Any CPU.ActiveCfg = Release|Any CPU
		{5F02779C-108F-48F4-A703-08D32B10A410}.Release|Any CPU.Build.0 = Release|Any CPU
		{5F02779C-108F-48F4-A703-08D32B10A410}.Release|x64.ActiveCfg = Release|Any CPU
		{5F02779C-108F-48F4-A703-08D32B10A410}.Release|x64.Build.0 = Release|Any CPU
		{5F02779C-108F-48F4-A703-08D32B10A410}.Release|x86.ActiveCfg = Release|Any CPU
		{5F02779C-108F-48F4-A703-08D32B10A410}.Release|x86.Build.0 = Release|Any CPU
		{066C78F1-9097-4F45-9756-81806649AF90}.Debug|Any CPU.ActiveCfg = Debug|Any CPU
		{066C78F1-9097-4F45-9756-81806649AF90}.Debug|Any CPU.Build.0 = Debug|Any CPU
		{066C78F1-9097-4F45-9756-81806649AF90}.Debug|x64.ActiveCfg = Debug|Any CPU
		{066C78F1-9097-4F45-9756-81806649AF90}.Debug|x64.Build.0 = Debug|Any CPU
		{066C78F1-9097-4F45-9756-81806649AF90}.Debug|x86.ActiveCfg = Debug|Any CPU
		{066C78F1-9097-4F45-9756-81806649AF90}.Debug|x86.Build.0 = Debug|Any CPU
		{066C78F1-9097-4F45-9756-81806649AF90}.Release|Any CPU.ActiveCfg = Release|Any CPU
		{066C78F1-9097-4F45-9756-81806649AF90}.Release|Any CPU.Build.0 = Release|Any CPU
		{066C78F1-9097-4F45-9756-81806649AF90}.Release|x64.ActiveCfg = Release|Any CPU
		{066C78F1-9097-4F45-9756-81806649AF90}.Release|x64.Build.0 = Release|Any CPU
		{066C78F1-9097-4F45-9756-81806649AF90}.Release|x86.ActiveCfg = Release|Any CPU
		{066C78F1-9097-4F45-9756-81806649AF90}.Release|x86.Build.0 = Release|Any CPU
	EndGlobalSection
	GlobalSection(SolutionProperties) = preSolution
		HideSolutionNode = FALSE
	EndGlobalSection
	GlobalSection(ExtensibilityGlobals) = postSolution
		SolutionGuid = {9648220D-089D-4115-AE14-D6CB26A6A5A7}
	EndGlobalSection
EndGlobal
